
Microsoft Visual Studio Solution File, Format Version 12.00
# Visual Studio Version 17
VisualStudioVersion = 17.5.33530.505
MinimumVisualStudioVersion = 10.0.40219.1
Project("{FAE04EC0-301F-11D3-BF4B-00C04F79EFBC}") = "CarDealership", "CarDealership.csproj", "{9CB05151-073F-4716-83DE-E49C7B44A25B}"
EndProject
Project("{FAE04EC0-301F-11D3-BF4B-00C04F79EFBC}") = "ConsoleCarDealership", "..\ConsoleCarDealership\ConsoleCarDealership.csproj", "{3815CE6D-56D5-4801-A3D5-EB00D42D59CE}"
EndProject
Global
	GlobalSection(SolutionConfigurationPlatforms) = preSolution
		Debug|Any CPU = Debug|Any CPU
		Release|Any CPU = Release|Any CPU
	EndGlobalSection
	GlobalSection(ProjectConfigurationPlatforms) = postSolution
		{9CB05151-073F-4716-83DE-E49C7B44A25B}.Debug|Any CPU.ActiveCfg = Debug|Any CPU
		{9CB05151-073F-4716-83DE-E49C7B44A25B}.Debug|Any CPU.Build.0 = Debug|Any CPU
		{9CB05151-073F-4716-83DE-E49C7B44A25B}.Release|Any CPU.ActiveCfg = Release|Any CPU
		{9CB05151-073F-4716-83DE-E49C7B44A25B}.Release|Any CPU.Build.0 = Release|Any CPU
		{3815CE6D-56D5-4801-A3D5-EB00D42D59CE}.Debug|Any CPU.ActiveCfg = Debug|Any CPU
		{3815CE6D-56D5-4801-A3D5-EB00D42D59CE}.Debug|Any CPU.Build.0 = Debug|Any CPU
		{3815CE6D-56D5-4801-A3D5-EB00D42D59CE}.Release|Any CPU.ActiveCfg = Release|Any CPU
		{3815CE6D-56D5-4801-A3D5-EB00D42D59CE}.Release|Any CPU.Build.0 = Release|Any CPU
	EndGlobalSection
	GlobalSection(SolutionProperties) = preSolution
		HideSolutionNode = FALSE
	EndGlobalSection
	GlobalSection(ExtensibilityGlobals) = postSolution
		SolutionGuid = {7B9D5FFD-CD66-43B9-8203-B9683DF15BB4}
	EndGlobalSection
EndGlobal
