
Microsoft Visual Studio Solution File, Format Version 12.00
# Visual Studio Version 17
VisualStudioVersion = 17.5.33424.131
MinimumVisualStudioVersion = 10.0.40219.1
Project("{FAE04EC0-301F-11D3-BF4B-00C04F79EFBC}") = "CAR_DEALERSHIP", "CAR_DEALERSHIP\CAR_DEALERSHIP.csproj", "{E7239D26-D414-42E7-8837-59D39908BCB2}"
EndProject
Global
	GlobalSection(SolutionConfigurationPlatforms) = preSolution
		Debug|Any CPU = Debug|Any CPU
		Release|Any CPU = Release|Any CPU
	EndGlobalSection
	GlobalSection(ProjectConfigurationPlatforms) = postSolution
		{E7239D26-D414-42E7-8837-59D39908BCB2}.Debug|Any CPU.ActiveCfg = Debug|Any CPU
		{E7239D26-D414-42E7-8837-59D39908BCB2}.Debug|Any CPU.Build.0 = Debug|Any CPU
		{E7239D26-D414-42E7-8837-59D39908BCB2}.Release|Any CPU.ActiveCfg = Release|Any CPU
		{E7239D26-D414-42E7-8837-59D39908BCB2}.Release|Any CPU.Build.0 = Release|Any CPU
	EndGlobalSection
	GlobalSection(SolutionProperties) = preSolution
		HideSolutionNode = FALSE
	EndGlobalSection
	GlobalSection(ExtensibilityGlobals) = postSolution
		SolutionGuid = {8FDE966B-B309-43DE-8BD4-CA1417128993}
	EndGlobalSection
EndGlobal
