
Microsoft Visual Studio Solution File, Format Version 12.00
# Visual Studio Version 17
VisualStudioVersion = 17.4.33213.308
MinimumVisualStudioVersion = 10.0.40219.1
Project("{FAE04EC0-301F-11D3-BF4B-00C04F79EFBC}") = "CAR_DEALERSHIP_APP", "CAR_DEALERSHIP_APP.csproj", "{24DFB596-8663-4977-861D-224DB887DC22}"
EndProject
Global
	GlobalSection(SolutionConfigurationPlatforms) = preSolution
		Debug|Any CPU = Debug|Any CPU
		Release|Any CPU = Release|Any CPU
	EndGlobalSection
	GlobalSection(ProjectConfigurationPlatforms) = postSolution
		{24DFB596-8663-4977-861D-224DB887DC22}.Debug|Any CPU.ActiveCfg = Debug|Any CPU
		{24DFB596-8663-4977-861D-224DB887DC22}.Debug|Any CPU.Build.0 = Debug|Any CPU
		{24DFB596-8663-4977-861D-224DB887DC22}.Release|Any CPU.ActiveCfg = Release|Any CPU
		{24DFB596-8663-4977-861D-224DB887DC22}.Release|Any CPU.Build.0 = Release|Any CPU
	EndGlobalSection
	GlobalSection(SolutionProperties) = preSolution
		HideSolutionNode = FALSE
	EndGlobalSection
	GlobalSection(ExtensibilityGlobals) = postSolution
		SolutionGuid = {9608FDAE-4F6A-40A6-B211-58608B01F233}
	EndGlobalSection
EndGlobal
